Microsoft Visual Studio Solution File, Format Version 11.00
# Visual Studio 2008

Project("{04C6E90F-AAC2-675A-A89E-2176D2EEC7D8}") = "README.md", "Assembly-CSharp-firstpass.csproj", "{304A80CA-D718-EEC4-FCA2-C6783C257F05}"
EndProject
Project("{04C6E90F-AAC2-675A-A89E-2176D2EEC7D8}") = "README.md", "Assembly-CSharp.csproj", "{32E88F40-4498-A8C1-BE2D-97F21B7146D4}"
EndProject
Project("{04C6E90F-AAC2-675A-A89E-2176D2EEC7D8}") = "README.md", "Assembly-UnityScript-firstpass.unityproj", "{72562D2A-BF83-572C-EB9D-31576C01F390}"
EndProject
Global
	GlobalSection(SolutionConfigurationPlatforms) = preSolution
		Debug|Any CPU = Debug|Any CPU
		Release|Any CPU = Release|Any CPU
	EndGlobalSection
	GlobalSection(ProjectConfigurationPlatforms) = postSolution
		{304A80CA-D718-EEC4-FCA2-C6783C257F05}.Debug|Any CPU.ActiveCfg = Debug|Any CPU
		{304A80CA-D718-EEC4-FCA2-C6783C257F05}.Debug|Any CPU.Build.0 = Debug|Any CPU
		{304A80CA-D718-EEC4-FCA2-C6783C257F05}.Release|Any CPU.ActiveCfg = Release|Any CPU
		{304A80CA-D718-EEC4-FCA2-C6783C257F05}.Release|Any CPU.Build.0 = Release|Any CPU
		{32E88F40-4498-A8C1-BE2D-97F21B7146D4}.Debug|Any CPU.ActiveCfg = Debug|Any CPU
		{32E88F40-4498-A8C1-BE2D-97F21B7146D4}.Debug|Any CPU.Build.0 = Debug|Any CPU
		{32E88F40-4498-A8C1-BE2D-97F21B7146D4}.Release|Any CPU.ActiveCfg = Release|Any CPU
		{32E88F40-4498-A8C1-BE2D-97F21B7146D4}.Release|Any CPU.Build.0 = Release|Any CPU
		{72562D2A-BF83-572C-EB9D-31576C01F390}.Debug|Any CPU.ActiveCfg = Debug|Any CPU
		{72562D2A-BF83-572C-EB9D-31576C01F390}.Debug|Any CPU.Build.0 = Debug|Any CPU
		{72562D2A-BF83-572C-EB9D-31576C01F390}.Release|Any CPU.ActiveCfg = Release|Any CPU
		{72562D2A-BF83-572C-EB9D-31576C01F390}.Release|Any CPU.Build.0 = Release|Any CPU
	EndGlobalSection
	GlobalSection(SolutionProperties) = preSolution
		HideSolutionNode = FALSE
	EndGlobalSection
				GlobalSection(MonoDevelopProperties) = preSolution
		StartupItem = Assembly-CSharp.csproj
		Policies = $0
		$0.TextStylePolicy = $1
		$1.inheritsSet = null
		$1.scope = text/x-csharp
		$0.CSharpFormattingPolicy = $2
		$2.inheritsSet = Mono
		$2.inheritsScope = text/x-csharp
		$2.scope = text/x-csharp
		$0.TextStylePolicy = $3
		$3.FileWidth = 120
		$3.TabWidth = 4
		$3.EolMarker = Unix
		$3.inheritsSet = Mono
		$3.inheritsScope = text/plain
		$3.scope = text/plain
	EndGlobalSection

EndGlobal
